
Microsoft Visual Studio Solution File, Format Version 12.00
# Visual Studio Version 17
VisualStudioVersion = 17.13.35818.85
MinimumVisualStudioVersion = 10.0.40219.1
Project("{8BC9CEB8-8B4A-11D0-8D11-00A0C91BC942}") = "Lab4", "Lab4\Lab4.vcxproj", "{5A5C42FB-BE4C-473C-A004-257A2D9E4463}"
EndProject
Project("{8BC9CEB8-8B4A-11D0-8D11-00A0C91BC942}") = "SRP", "SRP\SRP.vcxproj", "{1E409D98-94AF-4D0E-80B8-D8C09C018EE1}"
EndProject
Project("{8BC9CEB8-8B4A-11D0-8D11-00A0C91BC942}") = "OCP", "OCP\OCP.vcxproj", "{0D2F3FA0-E90E-41FA-A649-48B02425001B}"
EndProject
Project("{8BC9CEB8-8B4A-11D0-8D11-00A0C91BC942}") = "DIP", "DIP\DIP.vcxproj", "{6EB71991-4BAD-4998-AC7C-F5C82A0D2BF8}"
EndProject
Project("{8BC9CEB8-8B4A-11D0-8D11-00A0C91BC942}") = "ISP", "ISP\ISP.vcxproj", "{79BA9C05-C9E5-41C9-9CBB-8FB2D2E1FB7F}"
EndProject
Project("{8BC9CEB8-8B4A-11D0-8D11-00A0C91BC942}") = "LSP", "LSP\LSP.vcxproj", "{D3396CE5-03B6-4A97-93E3-47BEB3BE2749}"
EndProject
Global
	GlobalSection(SolutionConfigurationPlatforms) = preSolution
		Debug|x64 = Debug|x64
		Debug|x86 = Debug|x86
		Release|x64 = Release|x64
		Release|x86 = Release|x86
	EndGlobalSection
	GlobalSection(ProjectConfigurationPlatforms) = postSolution
		{5A5C42FB-BE4C-473C-A004-257A2D9E4463}.Debug|x64.ActiveCfg = Debug|x64
		{5A5C42FB-BE4C-473C-A004-257A2D9E4463}.Debug|x64.Build.0 = Debug|x64
		{5A5C42FB-BE4C-473C-A004-257A2D9E4463}.Debug|x86.ActiveCfg = Debug|Win32
		{5A5C42FB-BE4C-473C-A004-257A2D9E4463}.Debug|x86.Build.0 = Debug|Win32
		{5A5C42FB-BE4C-473C-A004-257A2D9E4463}.Release|x64.ActiveCfg = Release|x64
		{5A5C42FB-BE4C-473C-A004-257A2D9E4463}.Release|x64.Build.0 = Release|x64
		{5A5C42FB-BE4C-473C-A004-257A2D9E4463}.Release|x86.ActiveCfg = Release|Win32
		{5A5C42FB-BE4C-473C-A004-257A2D9E4463}.Release|x86.Build.0 = Release|Win32
		{6EB71991-4BAD-4998-AC7C-F5C82A0D2BF8}.Debug|x64.ActiveCfg = Debug|x64
		{6EB71991-4BAD-4998-AC7C-F5C82A0D2BF8}.Debug|x64.Build.0 = Debug|x64
		{6EB71991-4BAD-4998-AC7C-F5C82A0D2BF8}.Debug|x86.ActiveCfg = Debug|Win32
		{6EB71991-4BAD-4998-AC7C-F5C82A0D2BF8}.Debug|x86.Build.0 = Debug|Win32
		{6EB71991-4BAD-4998-AC7C-F5C82A0D2BF8}.Release|x64.ActiveCfg = Release|x64
		{6EB71991-4BAD-4998-AC7C-F5C82A0D2BF8}.Release|x64.Build.0 = Release|x64
		{6EB71991-4BAD-4998-AC7C-F5C82A0D2BF8}.Release|x86.ActiveCfg = Release|Win32
		{6EB71991-4BAD-4998-AC7C-F5C82A0D2BF8}.Release|x86.Build.0 = Release|Win32
		{79BA9C05-C9E5-41C9-9CBB-8FB2D2E1FB7F}.Debug|x64.ActiveCfg = Debug|x64
		{79BA9C05-C9E5-41C9-9CBB-8FB2D2E1FB7F}.Debug|x64.Build.0 = Debug|x64
		{79BA9C05-C9E5-41C9-9CBB-8FB2D2E1FB7F}.Debug|x86.ActiveCfg = Debug|Win32
		{79BA9C05-C9E5-41C9-9CBB-8FB2D2E1FB7F}.Debug|x86.Build.0 = Debug|Win32
		{79BA9C05-C9E5-41C9-9CBB-8FB2D2E1FB7F}.Release|x64.ActiveCfg = Release|x64
		{79BA9C05-C9E5-41C9-9CBB-8FB2D2E1FB7F}.Release|x64.Build.0 = Release|x64
		{79BA9C05-C9E5-41C9-9CBB-8FB2D2E1FB7F}.Release|x86.ActiveCfg = Release|Win32
		{79BA9C05-C9E5-41C9-9CBB-8FB2D2E1FB7F}.Release|x86.Build.0 = Release|Win32
		{D3396CE5-03B6-4A97-93E3-47BEB3BE2749}.Debug|x64.ActiveCfg = Debug|x64
		{D3396CE5-03B6-4A97-93E3-47BEB3BE2749}.Debug|x64.Build.0 = Debug|x64
		{D3396CE5-03B6-4A97-93E3-47BEB3BE2749}.Debug|x86.ActiveCfg = Debug|Win32
		{D3396CE5-03B6-4A97-93E3-47BEB3BE2749}.Debug|x86.Build.0 = Debug|Win32
		{D3396CE5-03B6-4A97-93E3-47BEB3BE2749}.Release|x64.ActiveCfg = Release|x64
		{D3396CE5-03B6-4A97-93E3-47BEB3BE2749}.Release|x64.Build.0 = Release|x64
		{D3396CE5-03B6-4A97-93E3-47BEB3BE2749}.Release|x86.ActiveCfg = Release|Win32
		{D3396CE5-03B6-4A97-93E3-47BEB3BE2749}.Release|x86.Build.0 = Release|Win32
		{1E409D98-94AF-4D0E-80B8-D8C09C018EE1}.Debug|x64.ActiveCfg = Debug|x64
		{1E409D98-94AF-4D0E-80B8-D8C09C018EE1}.Debug|x64.Build.0 = Debug|x64
		{1E409D98-94AF-4D0E-80B8-D8C09C018EE1}.Debug|x86.ActiveCfg = Debug|Win32
		{1E409D98-94AF-4D0E-80B8-D8C09C018EE1}.Debug|x86.Build.0 = Debug|Win32
		{1E409D98-94AF-4D0E-80B8-D8C09C018EE1}.Release|x64.ActiveCfg = Release|x64
		{1E409D98-94AF-4D0E-80B8-D8C09C018EE1}.Release|x64.Build.0 = Release|x64
		{1E409D98-94AF-4D0E-80B8-D8C09C018EE1}.Release|x86.ActiveCfg = Release|Win32
		{1E409D98-94AF-4D0E-80B8-D8C09C018EE1}.Release|x86.Build.0 = Release|Win32
		{0D2F3FA0-E90E-41FA-A649-48B02425001B}.Debug|x64.ActiveCfg = Debug|x64
		{0D2F3FA0-E90E-41FA-A649-48B02425001B}.Debug|x64.Build.0 = Debug|x64
		{0D2F3FA0-E90E-41FA-A649-48B02425001B}.Debug|x86.ActiveCfg = Debug|Win32
		{0D2F3FA0-E90E-41FA-A649-48B02425001B}.Debug|x86.Build.0 = Debug|Win32
		{0D2F3FA0-E90E-41FA-A649-48B02425001B}.Release|x64.ActiveCfg = Release|x64
		{0D2F3FA0-E90E-41FA-A649-48B02425001B}.Release|x64.Build.0 = Release|x64
		{0D2F3FA0-E90E-41FA-A649-48B02425001B}.Release|x86.ActiveCfg = Release|Win32
		{0D2F3FA0-E90E-41FA-A649-48B02425001B}.Release|x86.Build.0 = Release|Win32
	
	EndGlobalSection
	GlobalSection(SolutionProperties) = preSolution
		HideSolutionNode = FALSE
	EndGlobalSection
	GlobalSection(ExtensibilityGlobals) = postSolution
		SolutionGuid = {019D96B6-BAB4-427B-AC9D-6D846334A58C}
	EndGlobalSection
EndGlobal
